
Microsoft Visual Studio Solution File, Format Version 12.00
# Visual Studio 15
VisualStudioVersion = 15.0.27428.1
MinimumVisualStudioVersion = 10.0.40219.1
Project("{9A19103F-16F7-4668-BE54-9A1E7A4F7556}") = "WebApp", "WebApp\WebApp.csproj", "{44803A10-FF82-42DB-A6E4-6B29312FF0D2}"
EndProject
Project("{FAE04EC0-301F-11D3-BF4B-00C04F79EFBC}") = "WebApp.Services", "WebApp.Services\WebApp.Services.csproj", "{0C5E02C9-03D1-4DD6-AAA2-50739B006C28}"
EndProject
Global
	GlobalSection(SolutionConfigurationPlatforms) = preSolution
		Debug|Any CPU = Debug|Any CPU
		Release|Any CPU = Release|Any CPU
	EndGlobalSection
	GlobalSection(ProjectConfigurationPlatforms) = postSolution
		{44803A10-FF82-42DB-A6E4-6B29312FF0D2}.Debug|Any CPU.ActiveCfg = Debug|Any CPU
		{44803A10-FF82-42DB-A6E4-6B29312FF0D2}.Debug|Any CPU.Build.0 = Debug|Any CPU
		{44803A10-FF82-42DB-A6E4-6B29312FF0D2}.Release|Any CPU.ActiveCfg = Release|Any CPU
		{44803A10-FF82-42DB-A6E4-6B29312FF0D2}.Release|Any CPU.Build.0 = Release|Any CPU
		{0C5E02C9-03D1-4DD6-AAA2-50739B006C28}.Debug|Any CPU.ActiveCfg = Debug|Any CPU
		{0C5E02C9-03D1-4DD6-AAA2-50739B006C28}.Debug|Any CPU.Build.0 = Debug|Any CPU
		{0C5E02C9-03D1-4DD6-AAA2-50739B006C28}.Release|Any CPU.ActiveCfg = Release|Any CPU
		{0C5E02C9-03D1-4DD6-AAA2-50739B006C28}.Release|Any CPU.Build.0 = Release|Any CPU
	EndGlobalSection
	GlobalSection(SolutionProperties) = preSolution
		HideSolutionNode = FALSE
	EndGlobalSection
	GlobalSection(ExtensibilityGlobals) = postSolution
		SolutionGuid = {465E75D3-E159-433B-93AD-E92531FA3CA4}
	EndGlobalSection
EndGlobal
